
Microsoft Visual Studio Solution File, Format Version 12.00
# Visual Studio Version 17
VisualStudioVersion = 17.7.34003.232
MinimumVisualStudioVersion = 10.0.40219.1
Project("{9A19103F-16F7-4668-BE54-9A1E7A4F7556}") = "RadnaaProject", "RadnaaProject\RadnaaProject.csproj", "{F5F7B3B6-64B7-4EFA-AC0E-46BFB2FCC607}"
EndProject
Global
	GlobalSection(SolutionConfigurationPlatforms) = preSolution
		Debug|Any CPU = Debug|Any CPU
		Release|Any CPU = Release|Any CPU
	EndGlobalSection
	GlobalSection(ProjectConfigurationPlatforms) = postSolution
		{F5F7B3B6-64B7-4EFA-AC0E-46BFB2FCC607}.Debug|Any CPU.ActiveCfg = Debug|Any CPU
		{F5F7B3B6-64B7-4EFA-AC0E-46BFB2FCC607}.Debug|Any CPU.Build.0 = Debug|Any CPU
		{F5F7B3B6-64B7-4EFA-AC0E-46BFB2FCC607}.Release|Any CPU.ActiveCfg = Release|Any CPU
		{F5F7B3B6-64B7-4EFA-AC0E-46BFB2FCC607}.Release|Any CPU.Build.0 = Release|Any CPU
	EndGlobalSection
	GlobalSection(SolutionProperties) = preSolution
		HideSolutionNode = FALSE
	EndGlobalSection
	GlobalSection(ExtensibilityGlobals) = postSolution
		SolutionGuid = {7BA27D91-2D7E-4FD1-843E-9CEBF6707F60}
	EndGlobalSection
EndGlobal
